
Microsoft Visual Studio Solution File, Format Version 12.00
# Visual Studio Version 17
VisualStudioVersion = 17.0.31903.59
MinimumVisualStudioVersion = 10.0.40219.1
Project("{FAE04EC0-301F-11D3-BF4B-00C04F79EFBC}") = "PoTool.Client", "PoTool.Client\PoTool.Client.csproj", "{D32D32DD-70D7-4B21-ADA3-857CD887BC7E}"
EndProject
Project("{FAE04EC0-301F-11D3-BF4B-00C04F79EFBC}") = "PoTool.Tests.Unit", "PoTool.Tests.Unit\PoTool.Tests.Unit.csproj", "{B022C782-8904-439C-8BCA-93EFD5C4FD81}"
EndProject
Project("{FAE04EC0-301F-11D3-BF4B-00C04F79EFBC}") = "PoTool.Core", "PoTool.Core\PoTool.Core.csproj", "{629D5AD6-5CFD-45B7-B5FD-2F8B3F922044}"
EndProject
Project("{FAE04EC0-301F-11D3-BF4B-00C04F79EFBC}") = "PoTool.Api", "PoTool.Api\PoTool.Api.csproj", "{1EB54EA3-7961-4C93-B695-EFE9BAB2EA67}"
EndProject
Project("{FAE04EC0-301F-11D3-BF4B-00C04F79EFBC}") = "PoTool.Tests.Blazor", "PoTool.Tests.Blazor\PoTool.Tests.Blazor.csproj", "{FB626A23-D550-4BF8-9903-B1DAB61EEB06}"
EndProject
Project("{FAE04EC0-301F-11D3-BF4B-00C04F79EFBC}") = "PoTool.Tests.Integration", "PoTool.Tests.Integration\PoTool.Tests.Integration.csproj", "{31D45ED3-28A9-44E0-BCEC-6C92F41CBB92}"
EndProject
Project("{FAE04EC0-301F-11D3-BF4B-00C04F79EFBC}") = "PoTool.Tests.AutomatedExploratory", "PoTool.Tests.AutomatedExploratory\PoTool.Tests.AutomatedExploratory.csproj", "{751878DF-4071-415D-96B6-36F11E76E424}"
EndProject
Global
	GlobalSection(SolutionConfigurationPlatforms) = preSolution
		Debug|Any CPU = Debug|Any CPU
		Debug|x64 = Debug|x64
		Debug|x86 = Debug|x86
		Release|Any CPU = Release|Any CPU
		Release|x64 = Release|x64
		Release|x86 = Release|x86
	EndGlobalSection
	GlobalSection(ProjectConfigurationPlatforms) = postSolution
		{D32D32DD-70D7-4B21-ADA3-857CD887BC7E}.Debug|Any CPU.ActiveCfg = Debug|Any CPU
		{D32D32DD-70D7-4B21-ADA3-857CD887BC7E}.Debug|Any CPU.Build.0 = Debug|Any CPU
		{D32D32DD-70D7-4B21-ADA3-857CD887BC7E}.Debug|x64.ActiveCfg = Debug|Any CPU
		{D32D32DD-70D7-4B21-ADA3-857CD887BC7E}.Debug|x64.Build.0 = Debug|Any CPU
		{D32D32DD-70D7-4B21-ADA3-857CD887BC7E}.Debug|x86.ActiveCfg = Debug|Any CPU
		{D32D32DD-70D7-4B21-ADA3-857CD887BC7E}.Debug|x86.Build.0 = Debug|Any CPU
		{D32D32DD-70D7-4B21-ADA3-857CD887BC7E}.Release|Any CPU.ActiveCfg = Release|Any CPU
		{D32D32DD-70D7-4B21-ADA3-857CD887BC7E}.Release|Any CPU.Build.0 = Release|Any CPU
		{D32D32DD-70D7-4B21-ADA3-857CD887BC7E}.Release|x64.ActiveCfg = Release|Any CPU
		{D32D32DD-70D7-4B21-ADA3-857CD887BC7E}.Release|x64.Build.0 = Release|Any CPU
		{D32D32DD-70D7-4B21-ADA3-857CD887BC7E}.Release|x86.ActiveCfg = Release|Any CPU
		{D32D32DD-70D7-4B21-ADA3-857CD887BC7E}.Release|x86.Build.0 = Release|Any CPU
		{B022C782-8904-439C-8BCA-93EFD5C4FD81}.Debug|Any CPU.ActiveCfg = Debug|Any CPU
		{B022C782-8904-439C-8BCA-93EFD5C4FD81}.Debug|Any CPU.Build.0 = Debug|Any CPU
		{B022C782-8904-439C-8BCA-93EFD5C4FD81}.Debug|x64.ActiveCfg = Debug|Any CPU
		{B022C782-8904-439C-8BCA-93EFD5C4FD81}.Debug|x64.Build.0 = Debug|Any CPU
		{B022C782-8904-439C-8BCA-93EFD5C4FD81}.Debug|x86.ActiveCfg = Debug|Any CPU
		{B022C782-8904-439C-8BCA-93EFD5C4FD81}.Debug|x86.Build.0 = Debug|Any CPU
		{B022C782-8904-439C-8BCA-93EFD5C4FD81}.Release|Any CPU.ActiveCfg = Release|Any CPU
		{B022C782-8904-439C-8BCA-93EFD5C4FD81}.Release|Any CPU.Build.0 = Release|Any CPU
		{B022C782-8904-439C-8BCA-93EFD5C4FD81}.Release|x64.ActiveCfg = Release|Any CPU
		{B022C782-8904-439C-8BCA-93EFD5C4FD81}.Release|x64.Build.0 = Release|Any CPU
		{B022C782-8904-439C-8BCA-93EFD5C4FD81}.Release|x86.ActiveCfg = Release|Any CPU
		{B022C782-8904-439C-8BCA-93EFD5C4FD81}.Release|x86.Build.0 = Release|Any CPU
		{629D5AD6-5CFD-45B7-B5FD-2F8B3F922044}.Debug|Any CPU.ActiveCfg = Debug|Any CPU
		{629D5AD6-5CFD-45B7-B5FD-2F8B3F922044}.Debug|Any CPU.Build.0 = Debug|Any CPU
		{629D5AD6-5CFD-45B7-B5FD-2F8B3F922044}.Debug|x64.ActiveCfg = Debug|Any CPU
		{629D5AD6-5CFD-45B7-B5FD-2F8B3F922044}.Debug|x64.Build.0 = Debug|Any CPU
		{629D5AD6-5CFD-45B7-B5FD-2F8B3F922044}.Debug|x86.ActiveCfg = Debug|Any CPU
		{629D5AD6-5CFD-45B7-B5FD-2F8B3F922044}.Debug|x86.Build.0 = Debug|Any CPU
		{629D5AD6-5CFD-45B7-B5FD-2F8B3F922044}.Release|Any CPU.ActiveCfg = Release|Any CPU
		{629D5AD6-5CFD-45B7-B5FD-2F8B3F922044}.Release|Any CPU.Build.0 = Release|Any CPU
		{629D5AD6-5CFD-45B7-B5FD-2F8B3F922044}.Release|x64.ActiveCfg = Release|Any CPU
		{629D5AD6-5CFD-45B7-B5FD-2F8B3F922044}.Release|x64.Build.0 = Release|Any CPU
		{629D5AD6-5CFD-45B7-B5FD-2F8B3F922044}.Release|x86.ActiveCfg = Release|Any CPU
		{629D5AD6-5CFD-45B7-B5FD-2F8B3F922044}.Release|x86.Build.0 = Release|Any CPU
		{1EB54EA3-7961-4C93-B695-EFE9BAB2EA67}.Debug|Any CPU.ActiveCfg = Debug|Any CPU
		{1EB54EA3-7961-4C93-B695-EFE9BAB2EA67}.Debug|Any CPU.Build.0 = Debug|Any CPU
		{1EB54EA3-7961-4C93-B695-EFE9BAB2EA67}.Debug|x64.ActiveCfg = Debug|Any CPU
		{1EB54EA3-7961-4C93-B695-EFE9BAB2EA67}.Debug|x64.Build.0 = Debug|Any CPU
		{1EB54EA3-7961-4C93-B695-EFE9BAB2EA67}.Debug|x86.ActiveCfg = Debug|Any CPU
		{1EB54EA3-7961-4C93-B695-EFE9BAB2EA67}.Debug|x86.Build.0 = Debug|Any CPU
		{1EB54EA3-7961-4C93-B695-EFE9BAB2EA67}.Release|Any CPU.ActiveCfg = Release|Any CPU
		{1EB54EA3-7961-4C93-B695-EFE9BAB2EA67}.Release|Any CPU.Build.0 = Release|Any CPU
		{1EB54EA3-7961-4C93-B695-EFE9BAB2EA67}.Release|x64.ActiveCfg = Release|Any CPU
		{1EB54EA3-7961-4C93-B695-EFE9BAB2EA67}.Release|x64.Build.0 = Release|Any CPU
		{1EB54EA3-7961-4C93-B695-EFE9BAB2EA67}.Release|x86.ActiveCfg = Release|Any CPU
		{1EB54EA3-7961-4C93-B695-EFE9BAB2EA67}.Release|x86.Build.0 = Release|Any CPU
		{FB626A23-D550-4BF8-9903-B1DAB61EEB06}.Debug|Any CPU.ActiveCfg = Debug|Any CPU
		{FB626A23-D550-4BF8-9903-B1DAB61EEB06}.Debug|Any CPU.Build.0 = Debug|Any CPU
		{FB626A23-D550-4BF8-9903-B1DAB61EEB06}.Debug|x64.ActiveCfg = Debug|Any CPU
		{FB626A23-D550-4BF8-9903-B1DAB61EEB06}.Debug|x64.Build.0 = Debug|Any CPU
		{FB626A23-D550-4BF8-9903-B1DAB61EEB06}.Debug|x86.ActiveCfg = Debug|Any CPU
		{FB626A23-D550-4BF8-9903-B1DAB61EEB06}.Debug|x86.Build.0 = Debug|Any CPU
		{FB626A23-D550-4BF8-9903-B1DAB61EEB06}.Release|Any CPU.ActiveCfg = Release|Any CPU
		{FB626A23-D550-4BF8-9903-B1DAB61EEB06}.Release|Any CPU.Build.0 = Release|Any CPU
		{FB626A23-D550-4BF8-9903-B1DAB61EEB06}.Release|x64.ActiveCfg = Release|Any CPU
		{FB626A23-D550-4BF8-9903-B1DAB61EEB06}.Release|x64.Build.0 = Release|Any CPU
		{FB626A23-D550-4BF8-9903-B1DAB61EEB06}.Release|x86.ActiveCfg = Release|Any CPU
		{FB626A23-D550-4BF8-9903-B1DAB61EEB06}.Release|x86.Build.0 = Release|Any CPU
		{31D45ED3-28A9-44E0-BCEC-6C92F41CBB92}.Debug|Any CPU.ActiveCfg = Debug|Any CPU
		{31D45ED3-28A9-44E0-BCEC-6C92F41CBB92}.Debug|Any CPU.Build.0 = Debug|Any CPU
		{31D45ED3-28A9-44E0-BCEC-6C92F41CBB92}.Debug|x64.ActiveCfg = Debug|Any CPU
		{31D45ED3-28A9-44E0-BCEC-6C92F41CBB92}.Debug|x64.Build.0 = Debug|Any CPU
		{31D45ED3-28A9-44E0-BCEC-6C92F41CBB92}.Debug|x86.ActiveCfg = Debug|Any CPU
		{31D45ED3-28A9-44E0-BCEC-6C92F41CBB92}.Debug|x86.Build.0 = Debug|Any CPU
		{31D45ED3-28A9-44E0-BCEC-6C92F41CBB92}.Release|Any CPU.ActiveCfg = Release|Any CPU
		{31D45ED3-28A9-44E0-BCEC-6C92F41CBB92}.Release|Any CPU.Build.0 = Release|Any CPU
		{31D45ED3-28A9-44E0-BCEC-6C92F41CBB92}.Release|x64.ActiveCfg = Release|Any CPU
		{31D45ED3-28A9-44E0-BCEC-6C92F41CBB92}.Release|x64.Build.0 = Release|Any CPU
		{31D45ED3-28A9-44E0-BCEC-6C92F41CBB92}.Release|x86.ActiveCfg = Release|Any CPU
		{31D45ED3-28A9-44E0-BCEC-6C92F41CBB92}.Release|x86.Build.0 = Release|Any CPU
		{751878DF-4071-415D-96B6-36F11E76E424}.Debug|Any CPU.ActiveCfg = Debug|Any CPU
		{751878DF-4071-415D-96B6-36F11E76E424}.Debug|Any CPU.Build.0 = Debug|Any CPU
		{751878DF-4071-415D-96B6-36F11E76E424}.Debug|x64.ActiveCfg = Debug|Any CPU
		{751878DF-4071-415D-96B6-36F11E76E424}.Debug|x64.Build.0 = Debug|Any CPU
		{751878DF-4071-415D-96B6-36F11E76E424}.Debug|x86.ActiveCfg = Debug|Any CPU
		{751878DF-4071-415D-96B6-36F11E76E424}.Debug|x86.Build.0 = Debug|Any CPU
		{751878DF-4071-415D-96B6-36F11E76E424}.Release|Any CPU.ActiveCfg = Release|Any CPU
		{751878DF-4071-415D-96B6-36F11E76E424}.Release|Any CPU.Build.0 = Release|Any CPU
		{751878DF-4071-415D-96B6-36F11E76E424}.Release|x64.ActiveCfg = Release|Any CPU
		{751878DF-4071-415D-96B6-36F11E76E424}.Release|x64.Build.0 = Release|Any CPU
		{751878DF-4071-415D-96B6-36F11E76E424}.Release|x86.ActiveCfg = Release|Any CPU
		{751878DF-4071-415D-96B6-36F11E76E424}.Release|x86.Build.0 = Release|Any CPU
	EndGlobalSection
	GlobalSection(SolutionProperties) = preSolution
		HideSolutionNode = FALSE
	EndGlobalSection
EndGlobal
